
Microsoft Visual Studio Solution File, Format Version 12.00
# Visual Studio Version 17
VisualStudioVersion = 17.0.31903.59
MinimumVisualStudioVersion = 10.0.40219.1
Project("{2150E333-8FDC-42A3-9474-1A3956D46DE8}") = "src", "src", "{827E0CD3-B72D-47B6-A68D-7590B98EB39B}"
EndProject
Project("{FAE04EC0-301F-11D3-BF4B-00C04F79EFBC}") = "JeeSiteNET.Core", "src\JeeSiteNET.Core\JeeSiteNET.Core.csproj", "{7DD60AED-7562-4833-99A7-85021674C950}"
EndProject
Project("{FAE04EC0-301F-11D3-BF4B-00C04F79EFBC}") = "JeeSiteNET.Infrastructure", "src\JeeSiteNET.Infrastructure\JeeSiteNET.Infrastructure.csproj", "{C5BD90B9-3DEA-48F3-8073-21DAE90D51E0}"
EndProject
Project("{FAE04EC0-301F-11D3-BF4B-00C04F79EFBC}") = "JeeSiteNET.Web.Api", "src\JeeSiteNET.Web.Api\JeeSiteNET.Web.Api.csproj", "{2F8C04B9-6B64-4743-B0AA-2E789F039C26}"
EndProject
Project("{FAE04EC0-301F-11D3-BF4B-00C04F79EFBC}") = "JeeSiteNET.Web.Host", "src\JeeSiteNET.Web.Host\JeeSiteNET.Web.Host.csproj", "{C89052FB-63F6-41EF-A04F-9A108C9F0DC9}"
EndProject
Project("{2150E333-8FDC-42A3-9474-1A3956D46DE8}") = "modules", "modules", "{CA253913-39DE-BFD0-C9A3-4B7EC6FBDF17}"
EndProject
Project("{FAE04EC0-301F-11D3-BF4B-00C04F79EFBC}") = "JeeSiteNET.Modules.Sys", "modules\JeeSiteNET.Modules.Sys\JeeSiteNET.Modules.Sys.csproj", "{1335202C-6920-4D67-9759-7FA7CBF6F3F1}"
EndProject
Global
	GlobalSection(SolutionConfigurationPlatforms) = preSolution
		Debug|Any CPU = Debug|Any CPU
		Debug|x64 = Debug|x64
		Debug|x86 = Debug|x86
		Release|Any CPU = Release|Any CPU
		Release|x64 = Release|x64
		Release|x86 = Release|x86
	EndGlobalSection
	GlobalSection(ProjectConfigurationPlatforms) = postSolution
		{7DD60AED-7562-4833-99A7-85021674C950}.Debug|Any CPU.ActiveCfg = Debug|Any CPU
		{7DD60AED-7562-4833-99A7-85021674C950}.Debug|Any CPU.Build.0 = Debug|Any CPU
		{7DD60AED-7562-4833-99A7-85021674C950}.Debug|x64.ActiveCfg = Debug|Any CPU
		{7DD60AED-7562-4833-99A7-85021674C950}.Debug|x64.Build.0 = Debug|Any CPU
		{7DD60AED-7562-4833-99A7-85021674C950}.Debug|x86.ActiveCfg = Debug|Any CPU
		{7DD60AED-7562-4833-99A7-85021674C950}.Debug|x86.Build.0 = Debug|Any CPU
		{7DD60AED-7562-4833-99A7-85021674C950}.Release|Any CPU.ActiveCfg = Release|Any CPU
		{7DD60AED-7562-4833-99A7-85021674C950}.Release|Any CPU.Build.0 = Release|Any CPU
		{7DD60AED-7562-4833-99A7-85021674C950}.Release|x64.ActiveCfg = Release|Any CPU
		{7DD60AED-7562-4833-99A7-85021674C950}.Release|x64.Build.0 = Release|Any CPU
		{7DD60AED-7562-4833-99A7-85021674C950}.Release|x86.ActiveCfg = Release|Any CPU
		{7DD60AED-7562-4833-99A7-85021674C950}.Release|x86.Build.0 = Release|Any CPU
		{C5BD90B9-3DEA-48F3-8073-21DAE90D51E0}.Debug|Any CPU.ActiveCfg = Debug|Any CPU
		{C5BD90B9-3DEA-48F3-8073-21DAE90D51E0}.Debug|Any CPU.Build.0 = Debug|Any CPU
		{C5BD90B9-3DEA-48F3-8073-21DAE90D51E0}.Debug|x64.ActiveCfg = Debug|Any CPU
		{C5BD90B9-3DEA-48F3-8073-21DAE90D51E0}.Debug|x64.Build.0 = Debug|Any CPU
		{C5BD90B9-3DEA-48F3-8073-21DAE90D51E0}.Debug|x86.ActiveCfg = Debug|Any CPU
		{C5BD90B9-3DEA-48F3-8073-21DAE90D51E0}.Debug|x86.Build.0 = Debug|Any CPU
		{C5BD90B9-3DEA-48F3-8073-21DAE90D51E0}.Release|Any CPU.ActiveCfg = Release|Any CPU
		{C5BD90B9-3DEA-48F3-8073-21DAE90D51E0}.Release|Any CPU.Build.0 = Release|Any CPU
		{C5BD90B9-3DEA-48F3-8073-21DAE90D51E0}.Release|x64.ActiveCfg = Release|Any CPU
		{C5BD90B9-3DEA-48F3-8073-21DAE90D51E0}.Release|x64.Build.0 = Release|Any CPU
		{C5BD90B9-3DEA-48F3-8073-21DAE90D51E0}.Release|x86.ActiveCfg = Release|Any CPU
		{C5BD90B9-3DEA-48F3-8073-21DAE90D51E0}.Release|x86.Build.0 = Release|Any CPU
		{2F8C04B9-6B64-4743-B0AA-2E789F039C26}.Debug|Any CPU.ActiveCfg = Debug|Any CPU
		{2F8C04B9-6B64-4743-B0AA-2E789F039C26}.Debug|Any CPU.Build.0 = Debug|Any CPU
		{2F8C04B9-6B64-4743-B0AA-2E789F039C26}.Debug|x64.ActiveCfg = Debug|Any CPU
		{2F8C04B9-6B64-4743-B0AA-2E789F039C26}.Debug|x64.Build.0 = Debug|Any CPU
		{2F8C04B9-6B64-4743-B0AA-2E789F039C26}.Debug|x86.ActiveCfg = Debug|Any CPU
		{2F8C04B9-6B64-4743-B0AA-2E789F039C26}.Debug|x86.Build.0 = Debug|Any CPU
		{2F8C04B9-6B64-4743-B0AA-2E789F039C26}.Release|Any CPU.ActiveCfg = Release|Any CPU
		{2F8C04B9-6B64-4743-B0AA-2E789F039C26}.Release|Any CPU.Build.0 = Release|Any CPU
		{2F8C04B9-6B64-4743-B0AA-2E789F039C26}.Release|x64.ActiveCfg = Release|Any CPU
		{2F8C04B9-6B64-4743-B0AA-2E789F039C26}.Release|x64.Build.0 = Release|Any CPU
		{2F8C04B9-6B64-4743-B0AA-2E789F039C26}.Release|x86.ActiveCfg = Release|Any CPU
		{2F8C04B9-6B64-4743-B0AA-2E789F039C26}.Release|x86.Build.0 = Release|Any CPU
		{C89052FB-63F6-41EF-A04F-9A108C9F0DC9}.Debug|Any CPU.ActiveCfg = Debug|Any CPU
		{C89052FB-63F6-41EF-A04F-9A108C9F0DC9}.Debug|Any CPU.Build.0 = Debug|Any CPU
		{C89052FB-63F6-41EF-A04F-9A108C9F0DC9}.Debug|x64.ActiveCfg = Debug|Any CPU
		{C89052FB-63F6-41EF-A04F-9A108C9F0DC9}.Debug|x64.Build.0 = Debug|Any CPU
		{C89052FB-63F6-41EF-A04F-9A108C9F0DC9}.Debug|x86.ActiveCfg = Debug|Any CPU
		{C89052FB-63F6-41EF-A04F-9A108C9F0DC9}.Debug|x86.Build.0 = Debug|Any CPU
		{C89052FB-63F6-41EF-A04F-9A108C9F0DC9}.Release|Any CPU.ActiveCfg = Release|Any CPU
		{C89052FB-63F6-41EF-A04F-9A108C9F0DC9}.Release|Any CPU.Build.0 = Release|Any CPU
		{C89052FB-63F6-41EF-A04F-9A108C9F0DC9}.Release|x64.ActiveCfg = Release|Any CPU
		{C89052FB-63F6-41EF-A04F-9A108C9F0DC9}.Release|x64.Build.0 = Release|Any CPU
		{C89052FB-63F6-41EF-A04F-9A108C9F0DC9}.Release|x86.ActiveCfg = Release|Any CPU
		{C89052FB-63F6-41EF-A04F-9A108C9F0DC9}.Release|x86.Build.0 = Release|Any CPU
		{1335202C-6920-4D67-9759-7FA7CBF6F3F1}.Debug|Any CPU.ActiveCfg = Debug|Any CPU
		{1335202C-6920-4D67-9759-7FA7CBF6F3F1}.Debug|Any CPU.Build.0 = Debug|Any CPU
		{1335202C-6920-4D67-9759-7FA7CBF6F3F1}.Debug|x64.ActiveCfg = Debug|Any CPU
		{1335202C-6920-4D67-9759-7FA7CBF6F3F1}.Debug|x64.Build.0 = Debug|Any CPU
		{1335202C-6920-4D67-9759-7FA7CBF6F3F1}.Debug|x86.ActiveCfg = Debug|Any CPU
		{1335202C-6920-4D67-9759-7FA7CBF6F3F1}.Debug|x86.Build.0 = Debug|Any CPU
		{1335202C-6920-4D67-9759-7FA7CBF6F3F1}.Release|Any CPU.ActiveCfg = Release|Any CPU
		{1335202C-6920-4D67-9759-7FA7CBF6F3F1}.Release|Any CPU.Build.0 = Release|Any CPU
		{1335202C-6920-4D67-9759-7FA7CBF6F3F1}.Release|x64.ActiveCfg = Release|Any CPU
		{1335202C-6920-4D67-9759-7FA7CBF6F3F1}.Release|x64.Build.0 = Release|Any CPU
		{1335202C-6920-4D67-9759-7FA7CBF6F3F1}.Release|x86.ActiveCfg = Release|Any CPU
		{1335202C-6920-4D67-9759-7FA7CBF6F3F1}.Release|x86.Build.0 = Release|Any CPU
	EndGlobalSection
	GlobalSection(SolutionProperties) = preSolution
		HideSolutionNode = FALSE
	EndGlobalSection
	GlobalSection(NestedProjects) = preSolution
		{7DD60AED-7562-4833-99A7-85021674C950} = {827E0CD3-B72D-47B6-A68D-7590B98EB39B}
		{C5BD90B9-3DEA-48F3-8073-21DAE90D51E0} = {827E0CD3-B72D-47B6-A68D-7590B98EB39B}
		{2F8C04B9-6B64-4743-B0AA-2E789F039C26} = {827E0CD3-B72D-47B6-A68D-7590B98EB39B}
		{C89052FB-63F6-41EF-A04F-9A108C9F0DC9} = {827E0CD3-B72D-47B6-A68D-7590B98EB39B}
		{1335202C-6920-4D67-9759-7FA7CBF6F3F1} = {CA253913-39DE-BFD0-C9A3-4B7EC6FBDF17}
	EndGlobalSection
EndGlobal
